
Microsoft Visual Studio Solution File, Format Version 12.00
# Visual Studio Version 17
VisualStudioVersion = 17.4.33213.308
MinimumVisualStudioVersion = 10.0.40219.1
Project("{FAE04EC0-301F-11D3-BF4B-00C04F79EFBC}") = "Nimap Infotech Test", "Nimap Infotech Test\Nimap Infotech Test.csproj", "{9C22371F-1FBF-400B-A25D-82740031CA4B}"
EndProject
Global
	GlobalSection(SolutionConfigurationPlatforms) = preSolution
		Debug|Any CPU = Debug|Any CPU
		Release|Any CPU = Release|Any CPU
	EndGlobalSection
	GlobalSection(ProjectConfigurationPlatforms) = postSolution
		{9C22371F-1FBF-400B-A25D-82740031CA4B}.Debug|Any CPU.ActiveCfg = Debug|Any CPU
		{9C22371F-1FBF-400B-A25D-82740031CA4B}.Debug|Any CPU.Build.0 = Debug|Any CPU
		{9C22371F-1FBF-400B-A25D-82740031CA4B}.Release|Any CPU.ActiveCfg = Release|Any CPU
		{9C22371F-1FBF-400B-A25D-82740031CA4B}.Release|Any CPU.Build.0 = Release|Any CPU
	EndGlobalSection
	GlobalSection(SolutionProperties) = preSolution
		HideSolutionNode = FALSE
	EndGlobalSection
	GlobalSection(ExtensibilityGlobals) = postSolution
		SolutionGuid = {F2B4A932-CC43-43A2-8E93-8CA52B564E87}
	EndGlobalSection
EndGlobal
